
Microsoft Visual Studio Solution File, Format Version 12.00
# Visual Studio Version 17
VisualStudioVersion = 17.12.35514.174 d17.12
MinimumVisualStudioVersion = 10.0.40219.1
Project("{FAE04EC0-301F-11D3-BF4B-00C04F79EFBC}") = "etapa3-aula1", "etapa3-aula1.csproj", "{D1A59B27-1D85-4A06-90D1-BE352C653240}"
EndProject
Project("{FAE04EC0-301F-11D3-BF4B-00C04F79EFBC}") = "Biblioteca", "..\Biblioteca\Biblioteca.csproj", "{5E247FD6-3CE8-4312-80AC-3D426F93EB28}"
EndProject
Global
	GlobalSection(SolutionConfigurationPlatforms) = preSolution
		Debug|Any CPU = Debug|Any CPU
		Release|Any CPU = Release|Any CPU
	EndGlobalSection
	GlobalSection(ProjectConfigurationPlatforms) = postSolution
		{D1A59B27-1D85-4A06-90D1-BE352C653240}.Debug|Any CPU.ActiveCfg = Debug|Any CPU
		{D1A59B27-1D85-4A06-90D1-BE352C653240}.Debug|Any CPU.Build.0 = Debug|Any CPU
		{D1A59B27-1D85-4A06-90D1-BE352C653240}.Release|Any CPU.ActiveCfg = Release|Any CPU
		{D1A59B27-1D85-4A06-90D1-BE352C653240}.Release|Any CPU.Build.0 = Release|Any CPU
		{5E247FD6-3CE8-4312-80AC-3D426F93EB28}.Debug|Any CPU.ActiveCfg = Debug|Any CPU
		{5E247FD6-3CE8-4312-80AC-3D426F93EB28}.Debug|Any CPU.Build.0 = Debug|Any CPU
		{5E247FD6-3CE8-4312-80AC-3D426F93EB28}.Release|Any CPU.ActiveCfg = Release|Any CPU
		{5E247FD6-3CE8-4312-80AC-3D426F93EB28}.Release|Any CPU.Build.0 = Release|Any CPU
	EndGlobalSection
	GlobalSection(SolutionProperties) = preSolution
		HideSolutionNode = FALSE
	EndGlobalSection
EndGlobal
