
Microsoft Visual Studio Solution File, Format Version 12.00
# Visual Studio Version 17
VisualStudioVersion = 17.12.35514.174 d17.12
MinimumVisualStudioVersion = 10.0.40219.1
Project("{FAE04EC0-301F-11D3-BF4B-00C04F79EFBC}") = "etapa2-aula1", "etapa2-aula1.csproj", "{9C20C310-6A42-4736-B9D1-FCE6CC776BCF}"
EndProject
Project("{FAE04EC0-301F-11D3-BF4B-00C04F79EFBC}") = "Biblioteca", "..\Biblioteca\Biblioteca.csproj", "{D3153878-714E-4151-8D36-AD1ED0E221DF}"
EndProject
Global
	GlobalSection(SolutionConfigurationPlatforms) = preSolution
		Debug|Any CPU = Debug|Any CPU
		Release|Any CPU = Release|Any CPU
	EndGlobalSection
	GlobalSection(ProjectConfigurationPlatforms) = postSolution
		{9C20C310-6A42-4736-B9D1-FCE6CC776BCF}.Debug|Any CPU.ActiveCfg = Debug|Any CPU
		{9C20C310-6A42-4736-B9D1-FCE6CC776BCF}.Debug|Any CPU.Build.0 = Debug|Any CPU
		{9C20C310-6A42-4736-B9D1-FCE6CC776BCF}.Release|Any CPU.ActiveCfg = Release|Any CPU
		{9C20C310-6A42-4736-B9D1-FCE6CC776BCF}.Release|Any CPU.Build.0 = Release|Any CPU
		{D3153878-714E-4151-8D36-AD1ED0E221DF}.Debug|Any CPU.ActiveCfg = Debug|Any CPU
		{D3153878-714E-4151-8D36-AD1ED0E221DF}.Debug|Any CPU.Build.0 = Debug|Any CPU
		{D3153878-714E-4151-8D36-AD1ED0E221DF}.Release|Any CPU.ActiveCfg = Release|Any CPU
		{D3153878-714E-4151-8D36-AD1ED0E221DF}.Release|Any CPU.Build.0 = Release|Any CPU
	EndGlobalSection
	GlobalSection(SolutionProperties) = preSolution
		HideSolutionNode = FALSE
	EndGlobalSection
EndGlobal
